PODS:
  - EMSpinnerButton (1.0.0)
  - Material (2.15.0):
    - Material/Core (= 2.15.0)
  - Material/Core (2.15.0):
    - Motion (~> 1.3.0)
  - Motion (1.3.5):
    - Motion/Core (= 1.3.5)
  - Motion/Core (1.3.5)

DEPENDENCIES:
  - EMSpinnerButton
  - Material (~> 2.0)

SPEC REPOS:
  https://github.com/cocoapods/specs.git:
    - EMSpinnerButton
    - Material
    - Motion

SPEC CHECKSUMS:
  EMSpinnerButton: edcf72c6a9809a7ede3f6e0696a7c7b38ca8180d
  Material: 00e32bb5e61b3f749044897b2d93acd8bf33faa4
  Motion: 9f74d115d7f72bb5380a8e3cde2f8a1fc898ac36

PODFILE CHECKSUM: 375059345578d4519e44e82a3d4ad40b35fdbc74

COCOAPODS: 1.5.3
